
Microsoft Visual Studio Solution File, Format Version 12.00
# Visual Studio 2013
VisualStudioVersion = 12.0.21005.1
MinimumVisualStudioVersion = 10.0.40219.1
Project("{FAE04EC0-301F-11D3-BF4B-00C04F79EFBC}") = "RunningLetters.UI", "RunningLetters.UI\RunningLetters.UI.csproj", "{849B45BA-2240-4CF7-9E7C-73D79AC5857E}"
EndProject
Project("{FAE04EC0-301F-11D3-BF4B-00C04F79EFBC}") = "RunningLetters.Core.Tests", "RunningLetters.Core.Tests\RunningLetters.Core.Tests.csproj", "{56A06220-CA6D-4689-9139-D225315C71C4}"
EndProject
Project("{FAE04EC0-301F-11D3-BF4B-00C04F79EFBC}") = "RunningLetters.Core", "RunningLetters.Core\RunningLetters.Core.csproj", "{B5C87347-CC65-4268-A053-CBCEA512A6EB}"
EndProject
Global
	GlobalSection(SolutionConfigurationPlatforms) = preSolution
		Debug|Any CPU = Debug|Any CPU
		Release|Any CPU = Release|Any CPU
	EndGlobalSection
	GlobalSection(ProjectConfigurationPlatforms) = postSolution
		{849B45BA-2240-4CF7-9E7C-73D79AC5857E}.Debug|Any CPU.ActiveCfg = Debug|Any CPU
		{849B45BA-2240-4CF7-9E7C-73D79AC5857E}.Debug|Any CPU.Build.0 = Debug|Any CPU
		{849B45BA-2240-4CF7-9E7C-73D79AC5857E}.Release|Any CPU.ActiveCfg = Release|Any CPU
		{849B45BA-2240-4CF7-9E7C-73D79AC5857E}.Release|Any CPU.Build.0 = Release|Any CPU
		{56A06220-CA6D-4689-9139-D225315C71C4}.Debug|Any CPU.ActiveCfg = Debug|Any CPU
		{56A06220-CA6D-4689-9139-D225315C71C4}.Debug|Any CPU.Build.0 = Debug|Any CPU
		{56A06220-CA6D-4689-9139-D225315C71C4}.Release|Any CPU.ActiveCfg = Release|Any CPU
		{56A06220-CA6D-4689-9139-D225315C71C4}.Release|Any CPU.Build.0 = Release|Any CPU
		{B5C87347-CC65-4268-A053-CBCEA512A6EB}.Debug|Any CPU.ActiveCfg = Debug|Any CPU
		{B5C87347-CC65-4268-A053-CBCEA512A6EB}.Debug|Any CPU.Build.0 = Debug|Any CPU
		{B5C87347-CC65-4268-A053-CBCEA512A6EB}.Release|Any CPU.ActiveCfg = Release|Any CPU
		{B5C87347-CC65-4268-A053-CBCEA512A6EB}.Release|Any CPU.Build.0 = Release|Any CPU
	EndGlobalSection
	GlobalSection(SolutionProperties) = preSolution
		HideSolutionNode = FALSE
	EndGlobalSection
EndGlobal
